# This file is autogenerated, do not edit; changes may be undone by the next 'dep ensure'.


[[projects]]
  branch = "master"
  digest = "1:81f8c061c3d18ed1710957910542bc17d2b789c6cd19e0f654c30b35fd255ca5"
  name = "github.com/Azure/go-ansiterm"
  packages = [
    ".",
    "winterm",
  ]
  pruneopts = "NUT"
  revision = "d6e3b3328b783f23731bc4d058875b0371ff8109"

[[projects]]
  digest = "1:2be791e7b333ff7c06f8fb3dc18a7d70580e9399dbdffd352621d067ff260b6e"
  name = "github.com/Microsoft/go-winio"
  packages = ["."]
  pruneopts = "NUT"
  revision = "1a8911d1ed007260465c3bfbbc785ac6915a0bb8"
  version = "v0.4.12"

[[projects]]
  digest = "1:3b7289c340e1043e1b826ba201d4d9ed1eb3ec32a5e8600208ec030afa74f458"
  name = "github.com/Microsoft/hcsshim"
  packages = [
    ".",
    "internal/guestrequest",
    "internal/guid",
    "internal/hcs",
    "internal/hcserror",
    "internal/hns",
    "internal/interop",
    "internal/logfields",
    "internal/longpath",
    "internal/mergemaps",
    "internal/safefile",
    "internal/schema1",
    "internal/schema2",
    "internal/timeout",
    "internal/wclayer",
    "osversion",
  ]
  pruneopts = "NUT"
  revision = "f92b8fb9c92e17da496af5a69e3ee13fbe9916e1"
  version = "v0.8.6"

[[projects]]
  branch = "master"
  digest = "1:47ea4fbe2ab4aeb9808502c51e657041c2e49b36b83fc1c1a349135cdf16342f"
  name = "github.com/agl/ed25519"
  packages = [
    ".",
    "edwards25519",
  ]
  pruneopts = "NUT"
  revision = "5312a61534124124185d41f09206b9fef1d88403"

[[projects]]
  digest = "1:707ebe952a8b3d00b343c01536c79c73771d100f63ec6babeaed5c79e2b8a8dd"
  name = "github.com/beorn7/perks"
  packages = ["quantile"]
  pruneopts = "NUT"
  revision = "4b2b341e8d7715fae06375aa633dbb6e91b3fb46"
  version = "v1.0.0"

[[projects]]
  digest = "1:4ecc818c9ff7578dfb98950f592d2bdd9aef2fd40850118b7581e1a5db6e1a23"
  name = "github.com/containerd/containerd"
  packages = [
    ".",
    "api/services/containers/v1",
    "api/services/content/v1",
    "api/services/diff/v1",
    "api/services/events/v1",
    "api/services/images/v1",
    "api/services/introspection/v1",
    "api/services/leases/v1",
    "api/services/namespaces/v1",
    "api/services/snapshots/v1",
    "api/services/tasks/v1",
    "api/services/version/v1",
    "api/types",
    "api/types/task",
    "archive",
    "archive/compression",
    "cio",
    "containers",
    "content",
    "content/proxy",
    "defaults",
    "diff",
    "errdefs",
    "events",
    "events/exchange",
    "filters",
    "identifiers",
    "images",
    "images/archive",
    "images/oci",
    "labels",
    "leases",
    "leases/proxy",
    "log",
    "mount",
    "namespaces",
    "oci",
    "pkg/dialer",
    "platforms",
    "plugin",
    "reference",
    "remotes",
    "remotes/docker",
    "remotes/docker/schema1",
    "rootfs",
    "runtime/linux/runctypes",
    "runtime/v2/runc/options",
    "snapshots",
    "snapshots/proxy",
    "sys",
    "version",
  ]
  pruneopts = "NUT"
  revision = "3a3f0aac8819165839a41fee77a4f4ac8b103097"

[[projects]]
  branch = "master"
  digest = "1:835fc727705e8cf858ea44ad9bd872ff826d1c6b019598e0f9a64c9b942a947b"
  name = "github.com/containerd/continuity"
  packages = [
    "fs",
    "pathdriver",
    "syscallx",
    "sysx",
  ]
  pruneopts = "NUT"
  revision = "aaeac12a7ffcd198ae25440a9dff125c2e2703a7"

[[projects]]
  branch = "master"
  digest = "1:c34ee53dc499450d386058a6cf7cc979a48724ac83b3fcb14a981abdfc2781b7"
  name = "github.com/containerd/fifo"
  packages = ["."]
  pruneopts = "NUT"
  revision = "a9fb20d87448d386e6d50b1f2e1fa70dcf0de43c"

[[projects]]
  branch = "master"
  digest = "1:46b7a15b488f43a404976adbcd31971bbba210ce47e2b1daa98c9ba99d3047ef"
  name = "github.com/containerd/ttrpc"
  packages = ["."]
  pruneopts = "NUT"
  revision = "1fb3814edf44a76e0ccf503decf726d994919a9a"

[[projects]]
  branch = "master"
  digest = "1:f9c59daa1efe62e53fd728e45fc24f622039bc4681b663f33c8015cc1c853594"
  name = "github.com/containerd/typeurl"
  packages = ["."]
  pruneopts = "NUT"
  revision = "7312978f298752234f52b1ba018cca189467b8d9"

[[projects]]
  branch = "19.03"
  digest = "1:2addcfd6258443b8cbcb16df0234f6f6324e215e4e48457e180609469703d679"
  name = "github.com/docker/cli"
  packages = [
    "cli",
    "cli-plugins/manager",
    "cli-plugins/plugin",
    "cli/command",
    "cli/config",
    "cli/config/configfile",
    "cli/config/credentials",
    "cli/config/types",
    "cli/connhelper",
    "cli/connhelper/commandconn",
    "cli/connhelper/ssh",
    "cli/context",
    "cli/context/docker",
    "cli/context/store",
    "cli/debug",
    "cli/flags",
    "cli/manifest/store",
    "cli/manifest/types",
    "cli/registry/client",
    "cli/streams",
    "cli/trust",
    "cli/version",
    "internal/containerizedengine",
    "internal/versions",
    "opts",
    "types",
  ]
  pruneopts = "UT"
  revision = "a63faebcf13973933a3ae646e5a9e5befaad42fd"

[[projects]]
  digest = "1:a4fe79e011d5a076e0d1cd4817465923388197bd09f9f92e973b8831427be1fa"
  name = "github.com/docker/distribution"
  packages = [
    ".",
    "digestset",
    "manifest",
    "manifest/manifestlist",
    "manifest/schema2",
    "metrics",
    "reference",
    "registry/api/errcode",
    "registry/api/v2",
    "registry/client",
    "registry/client/auth",
    "registry/client/auth/challenge",
    "registry/client/transport",
    "registry/storage/cache",
    "registry/storage/cache/memory",
    "uuid",
  ]
  pruneopts = "NUT"
  revision = "0d3efadf0154c2b8a4e7b6621fff9809655cc580"

[[projects]]
  branch = "19.03"
  digest = "1:3ebad72d76744e139600c641fab0fe2b071925f81e6ad5b6f4f56ab190dea439"
  name = "github.com/docker/docker"
  packages = [
    "api",
    "api/types",
    "api/types/blkiodev",
    "api/types/container",
    "api/types/events",
    "api/types/filters",
    "api/types/image",
    "api/types/mount",
    "api/types/network",
    "api/types/registry",
    "api/types/strslice",
    "api/types/swarm",
    "api/types/swarm/runtime",
    "api/types/time",
    "api/types/versions",
    "api/types/volume",
    "client",
    "errdefs",
    "pkg/homedir",
    "pkg/idtools",
    "pkg/ioutils",
    "pkg/jsonmessage",
    "pkg/longpath",
    "pkg/mount",
    "pkg/stringid",
    "pkg/system",
    "pkg/tarsum",
    "pkg/term",
    "pkg/term/windows",
    "registry",
    "registry/resumable",
  ]
  pruneopts = "NUT"
  revision = "b07f53d0a4e7b2761e885e16c7811e2a95db52a5"
  source = "https://github.com/docker/engine"

[[projects]]
  digest = "1:3d35be2858b1ef8365c4ca66af373602137159cf708e51f91db89c04347501f2"
  name = "github.com/docker/docker-credential-helpers"
  packages = [
    "client",
    "credentials",
  ]
  pruneopts = "NUT"
  revision = "8a9f93a99ff87f416cc79f267c68151af0026f60"
  version = "v0.6.2"

[[projects]]
  digest = "1:44fd27d0559326eb63ee0b7b5c80832c821761ff6d1b9cc4ad075783485a5837"
  name = "github.com/docker/go"
  packages = ["canonical/json"]
  pruneopts = "NUT"
  revision = "62e5ec7cf43f795986ec658df7cb317255772993"
  version = "v1.5.1-1"

[[projects]]
  digest = "1:2a47f7eb1a2c30428d1ee6808cb66d4deb17e68a3e55d696f03c8068552ba5e8"
  name = "github.com/docker/go-connections"
  packages = [
    "nat",
    "sockets",
    "tlsconfig",
  ]
  pruneopts = "NUT"
  revision = "7395e3f8aa162843a74ed6d48e79627d9792ac55"
  version = "v0.4.0"

[[projects]]
  branch = "master"
  digest = "1:3c7e22fc463067fcb27473d9010b9ac8c49b791357e0c7e7da6002a291129162"
  name = "github.com/docker/go-events"
  packages = ["."]
  pruneopts = "NUT"
  revision = "9461782956ad83b30282bf90e31fa6a70c255ba9"

[[projects]]
  branch = "master"
  digest = "1:c49ecccb8abda39a5a48a99267d6abfdf37f59f1c7fdbcbe04b3b9afc3ab625d"
  name = "github.com/docker/go-metrics"
  packages = ["."]
  pruneopts = "NUT"
  revision = "b84716841b82eab644a0c64fc8b42d480e49add5"

[[projects]]
  digest = "1:97176fe8a268479a527d08df458c269dc27abf59c1643807d4e36398cbd9ef2d"
  name = "github.com/docker/go-units"
  packages = ["."]
  pruneopts = "NUT"
  revision = "519db1ee28dcc9fd2474ae59fca29a810482bfb1"
  version = "v0.4.0"

[[projects]]
  digest = "1:c6f5a29fce208cb102ad1e356d3a3a361be54604549063943613058a377dd0d0"
  name = "github.com/gogo/googleapis"
  packages = ["google/rpc"]
  pruneopts = "NUT"
  revision = "d31c731455cb061f42baff3bda55bad0118b126b"
  version = "v1.2.0"

[[projects]]
  digest = "1:35210367ba31312afa1eaf3cf4797c855c6b6a4efe953b90d63abb830ec7fdd6"
  name = "github.com/gogo/protobuf"
  packages = [
    "proto",
    "sortkeys",
    "types",
  ]
  pruneopts = "NUT"
  revision = "ba06b47c162d49f2af050fb4c75bcbc86a159d5c"
  version = "v1.2.1"

[[projects]]
  digest = "1:2d0636a8c490d2272dd725db26f74a537111b99b9dbdda0d8b98febe63702aa4"
  name = "github.com/golang/protobuf"
  packages = [
    "proto",
    "ptypes",
    "ptypes/any",
    "ptypes/duration",
    "ptypes/timestamp",
  ]
  pruneopts = "NUT"
  revision = "b5d812f8a3706043e23a9cd5babf2e5423744d30"
  version = "v1.3.1"

[[projects]]
  digest = "1:caf94762c0e0a1bdd44d9307d319f2841939399c86db9f04b4d2e470c51aa007"
  name = "github.com/gorilla/mux"
  packages = ["."]
  pruneopts = "NUT"
  revision = "ed099d42384823742bba0bf9a72b53b55c9e2e38"
  version = "v1.7.2"

[[projects]]
  digest = "1:53a4ebb0e1eb24a4644a3eec9457ba6ead5476a9ea5af43bf2c8b8b1a8ce47f2"
  name = "github.com/hashicorp/go-version"
  packages = ["."]
  pruneopts = "NUT"
  revision = "ac23dc3fea5d1a983c43f6a0f6e2c13f0195d8bd"
  version = "v1.2.0"

[[projects]]
  digest = "1:406338ad39ab2e37b7f4452906442a3dbf0eb3379dd1f06aafb5c07e769a5fbb"
  name = "github.com/inconshreveable/mousetrap"
  packages = ["."]
  pruneopts = "NUT"
  revision = "76626ae9c91c4f2a10f34cad8ce83ea42c93bb75"
  version = "v1.0"

[[projects]]
  digest = "1:58999a98719fddbac6303cb17e8d85b945f60b72f48e3a2df6b950b97fa926f1"
  name = "github.com/konsorten/go-windows-terminal-sequences"
  packages = ["."]
  pruneopts = "NUT"
  revision = "f55edac94c9bbba5d6182a4be46d86a2c9b5b50e"
  version = "v1.0.2"

[[projects]]
  digest = "1:5985ef4caf91ece5d54817c11ea25f182697534f8ae6521eadcd628c142ac4b6"
  name = "github.com/matttproud/golang_protobuf_extensions"
  packages = ["pbutil"]
  pruneopts = "NUT"
  revision = "c12348ce28de40eed0136aa2b644d0ee0650e56c"
  version = "v1.0.1"

[[projects]]
  digest = "1:8173712f82b2da5dd36cdcbaa658f57fa8509634e5ecccbcfb948ecee051b0de"
  name = "github.com/miekg/pkcs11"
  packages = ["."]
  pruneopts = "NUT"
  revision = "cb39313ec884f2cd77f4762875fe96aecf68f8e3"
  version = "v1.0.2"

[[projects]]
  branch = "master"
  digest = "1:946bf1e858c4884cc82907463b0579dfd3b84e1b541bd49808d2bcfcb9452be0"
  name = "github.com/morikuni/aec"
  packages = ["."]
  pruneopts = "NUT"
  revision = "39771216ff4c63d11f5e604076f9c45e8be1067b"

[[projects]]
  digest = "1:e0cc8395ea893c898ff5eb0850f4d9851c1f57c78c232304a026379a47a552d0"
  name = "github.com/opencontainers/go-digest"
  packages = ["."]
  pruneopts = "NUT"
  revision = "279bed98673dd5bef374d3b6e4b09e2af76183bf"
  version = "v1.0.0-rc1"

[[projects]]
  digest = "1:70711188c19c53147099d106169d6a81941ed5c2658651432de564a7d60fd288"
  name = "github.com/opencontainers/image-spec"
  packages = [
    "identity",
    "specs-go",
    "specs-go/v1",
  ]
  pruneopts = "NUT"
  revision = "d60099175f88c47cd379c4738d158884749ed235"
  version = "v1.0.1"

[[projects]]
  digest = "1:ea8780346eba74e5eb3e8b6bded2ec46c1c81cd745bc00e9964b730955bf4252"
  name = "github.com/opencontainers/runc"
  packages = [
    "libcontainer/system",
    "libcontainer/user",
  ]
  pruneopts = "NUT"
  revision = "baf6536d6259209c3edfa2b22237af82942d3dfa"
  version = "v0.1.1"

[[projects]]
  digest = "1:57234a321bf1f8f98a8a9a5122a2404cc60d0800516f4ab7a7b2375e4b2d19ea"
  name = "github.com/opencontainers/runtime-spec"
  packages = ["specs-go"]
  pruneopts = "NUT"
  revision = "4e3b9264a330d094b0386c3703c5f379119711e8"
  version = "v1.0.1"

[[projects]]
  digest = "1:14715f705ff5dfe0ffd6571d7d201dd8e921030f8070321a79380d8ca4ec1a24"
  name = "github.com/pkg/errors"
  packages = ["."]
  pruneopts = "NUT"
  revision = "ba968bfe8b2f7e042a574c888954fccecfa385b4"
  version = "v0.8.1"

[[projects]]
  digest = "1:097cc61836050f45cbb712ae3bb45d66fba464c16b8fac09907fa3c1f753eff6"
  name = "github.com/prometheus/client_golang"
  packages = [
    "prometheus",
    "prometheus/internal",
    "prometheus/promhttp",
  ]
  pruneopts = "NUT"
  revision = "4ab88e80c249ed361d3299e2930427d9ac43ef8d"
  version = "v1.0.0"

[[projects]]
  branch = "master"
  digest = "1:2d5cd61daa5565187e1d96bae64dbbc6080dacf741448e9629c64fd93203b0d4"
  name = "github.com/prometheus/client_model"
  packages = ["go"]
  pruneopts = "NUT"
  revision = "fd36f4220a901265f90734c3183c5f0c91daa0b8"

[[projects]]
  digest = "1:d03ca24670416dc8fccc78b05d6736ec655416ca7db0a028e8fb92cfdfe3b55e"
  name = "github.com/prometheus/common"
  packages = [
    "expfmt",
    "internal/bitbucket.org/ww/goautoneg",
    "model",
  ]
  pruneopts = "NUT"
  revision = "31bed53e4047fd6c510e43a941f90cb31be0972a"
  version = "v0.6.0"

[[projects]]
  digest = "1:afe5de112e0ca26a37730f01bc4bac9aabe9843cbfd66034f0c16e5a1fbd045b"
  name = "github.com/prometheus/procfs"
  packages = [
    ".",
    "internal/fs",
  ]
  pruneopts = "NUT"
  revision = "833678b5bb319f2d20a475cb165c6cc59c2cc77c"
  version = "v0.0.2"

[[projects]]
  digest = "1:f4aaa07a6c33f2b354726d0571acbc8ca118837c75709f6353203ae1a3f8eeab"
  name = "github.com/sirupsen/logrus"
  packages = ["."]
  pruneopts = "NUT"
  revision = "839c75faf7f98a33d445d181f3018b5c3409a45e"
  version = "v1.4.2"

[[projects]]
  digest = "1:d3533ee568fc00a971617ec09dc0f0b3eddfb4adbc1275f8f6332553d67506b4"
  name = "github.com/spf13/cobra"
  packages = ["."]
  pruneopts = "NUT"
  revision = "f2b07da1e2c38d5f12845a4f607e2e1018cbb1f5"
  version = "v0.0.5"

[[projects]]
  digest = "1:9d8420bbf131d1618bde6530af37c3799340d3762cc47210c1d9532a4c3a2779"
  name = "github.com/spf13/pflag"
  packages = ["."]
  pruneopts = "NUT"
  revision = "298182f68c66c05229eb03ac171abe6e309ee79a"
  version = "v1.0.3"

[[projects]]
  branch = "master"
  digest = "1:e14e467ed00ab98665623c5060fa17e3d7079be560ffc33cabafd05d35894f05"
  name = "github.com/syndtr/gocapability"
  packages = ["capability"]
  pruneopts = "NUT"
  revision = "d98352740cb2c55f81556b63d4a1ec64c5a319c2"

[[projects]]
  digest = "1:5657d02714d03999f98887942ca12e7d0492676d4485966a5a7819b84887790f"
  name = "github.com/theupdateframework/notary"
  packages = [
    ".",
    "client",
    "client/changelist",
    "cryptoservice",
    "passphrase",
    "storage",
    "trustmanager",
    "trustmanager/yubikey",
    "trustpinning",
    "tuf",
    "tuf/data",
    "tuf/signed",
    "tuf/utils",
    "tuf/validation",
  ]
  pruneopts = "NUT"
  revision = "d6e1431feb32348e0650bf7551ac5cffd01d857b"
  version = "v0.6.1"

[[projects]]
  branch = "master"
  digest = "1:35ce874cf16f78a2da908ab28b0277497e36603d289db00d39da5200bc8ace08"
  name = "golang.org/x/crypto"
  packages = [
    "pbkdf2",
    "ssh/terminal",
  ]
  pruneopts = "NUT"
  revision = "ea8f1a30c4438cc8b13f05538385ad8dc6049b43"

[[projects]]
  branch = "master"
  digest = "1:dd2f25ad5e3c07e336b543c88c8c690e3f56082a80d23b725b6ee8b96960ac8d"
  name = "golang.org/x/net"
  packages = [
    "context",
    "context/ctxhttp",
    "http/httpguts",
    "http2",
    "http2/hpack",
    "idna",
    "internal/socks",
    "internal/timeseries",
    "proxy",
    "trace",
  ]
  pruneopts = "NUT"
  revision = "b5b0513f8c1bb7c1e3e6f168fba117131fe2614a"

[[projects]]
  branch = "master"
  digest = "1:a2fc247e64b5dafd3251f12d396ec85f163d5bb38763c4997856addddf6e78d8"
  name = "golang.org/x/sync"
  packages = [
    "errgroup",
    "semaphore",
  ]
  pruneopts = "NUT"
  revision = "112230192c580c3556b8cee6403af37a4fc5f28c"

[[projects]]
  branch = "master"
  digest = "1:714743b10d88eb04acc2b958b15a8963d6a1318a1cc8bc678f83491df92b1b2f"
  name = "golang.org/x/sys"
  packages = [
    "unix",
    "windows",
  ]
  pruneopts = "NUT"
  revision = "516e3c20635fbe39539f7ed361a15c51fec29cd8"

[[projects]]
  digest = "1:8d8faad6b12a3a4c819a3f9618cb6ee1fa1cfc33253abeeea8b55336721e3405"
  name = "golang.org/x/text"
  packages = [
    "collate",
    "collate/build",
    "internal/colltab",
    "internal/gen",
    "internal/language",
    "internal/language/compact",
    "internal/tag",
    "internal/triegen",
    "internal/ucd",
    "language",
    "secure/bidirule",
    "transform",
    "unicode/bidi",
    "unicode/cldr",
    "unicode/norm",
    "unicode/rangetable",
  ]
  pruneopts = "NUT"
  revision = "342b2e1fbaa52c93f31447ad2c6abc048c63e475"
  version = "v0.3.2"

[[projects]]
  branch = "master"
  digest = "1:583a0c80f5e3a9343d33aea4aead1e1afcc0043db66fdf961ddd1fe8cd3a4faf"
  name = "google.golang.org/genproto"
  packages = ["googleapis/rpc/status"]
  pruneopts = "NUT"
  revision = "a7e196e89fd3a3c4d103ca540bd5dac3a736e375"

[[projects]]
  digest = "1:ef644d6e848899fcccffdb7adda5a7898e6308c7d07203831eab4070e56f7ebf"
  name = "google.golang.org/grpc"
  packages = [
    ".",
    "balancer",
    "balancer/base",
    "balancer/roundrobin",
    "binarylog/grpc_binarylog_v1",
    "codes",
    "connectivity",
    "credentials",
    "credentials/internal",
    "encoding",
    "encoding/proto",
    "grpclog",
    "health/grpc_health_v1",
    "internal",
    "internal/backoff",
    "internal/balancerload",
    "internal/binarylog",
    "internal/channelz",
    "internal/envconfig",
    "internal/grpcrand",
    "internal/grpcsync",
    "internal/syscall",
    "internal/transport",
    "keepalive",
    "metadata",
    "naming",
    "peer",
    "resolver",
    "resolver/dns",
    "resolver/passthrough",
    "stats",
    "status",
    "tap",
  ]
  pruneopts = "NUT"
  revision = "501c41df7f472c740d0674ff27122f3f48c80ce7"
  version = "v1.21.1"

[[projects]]
  branch = "master"
  digest = "1:ccaa5810f7d18dbe4bacc8cfdb5b5060282fd607c78ed92f584d706012fbd40b"
  name = "vbom.ml/util"
  packages = ["sortorder"]
  pruneopts = "NUT"
  revision = "efcd4e0f97874370259c7d93e12aad57911dea81"

[solve-meta]
  analyzer-name = "dep"
  analyzer-version = 1
  input-imports = [
    "github.com/docker/cli/cli-plugins/manager",
    "github.com/docker/cli/cli-plugins/plugin",
    "github.com/docker/cli/cli/command",
    "github.com/spf13/cobra",
  ]
  solver-name = "gps-cdcl"
  solver-version = 1
